// !$*UTF8*$!
{
	archiveVersion = 1;
	classes = {
	};
	objectVersion = 46;
	objects = {

/* Begin PBXBuildFile section */
		15115A891C393C9B004107A4 /* AppDelegate.swift in Sources */ = {isa = PBXBuildFile; fileRef = 15115A881C393C9B004107A4 /* AppDelegate.swift */; };
		15115A8B1C393C9B004107A4 /* ViewController.swift in Sources */ = {isa = PBXBuildFile; fileRef = 15115A8A1C393C9B004107A4 /* ViewController.swift */; };
		15115A8E1C393C9B004107A4 /* Main.storyboard in Resources */ = {isa = PBXBuildFile; fileRef = 15115A8C1C393C9B004107A4 /* Main.storyboard */; };
		15115A901C393C9B004107A4 /* Assets.xcassets in Resources */ = {isa = PBXBuildFile; fileRef = 15115A8F1C393C9B004107A4 /* Assets.xcassets */; };
		15115A931C393C9B004107A4 /* LaunchScreen.storyboard in Resources */ = {isa = PBXBuildFile; fileRef = 15115A911C393C9B004107A4 /* LaunchScreen.storyboard */; };
		15115A9B1C394A7E004107A4 /* DeviceTableViewCell.swift in Sources */ = {isa = PBXBuildFile; fileRef = 15115A9A1C394A7E004107A4 /* DeviceTableViewCell.swift */; };
		15115A9D1C394A8F004107A4 /* DeviceTableViewController.swift in Sources */ = {isa = PBXBuildFile; fileRef = 15115A9C1C394A8F004107A4 /* DeviceTableViewController.swift */; };
		15115AA41C395A4C004107A4 /* SwiftyJSON.swift in Sources */ = {isa = PBXBuildFile; fileRef = 15115AA31C395A4C004107A4 /* SwiftyJSON.swift */; };
		67F0D9384C239EF0C90D2762 /* Pods.framework in Frameworks */ = {isa = PBXBuildFile; fileRef = 7BD43DB2563C542914D43C88 /* Pods.framework */; };
/* End PBXBuildFile section */

/* Begin PBXFileReference section */
		15115A851C393C9B004107A4 /* AptTraveler-Client.app */ = {isa = PBXFileReference; explicitFileType = wrapper.application; includeInIndex = 0; path = "AptTraveler-Client.app"; sourceTree = BUILT_PRODUCTS_DIR; };
		15115A881C393C9B004107A4 /* AppDelegate.swift */ = {isa = PBXFileReference; lastKnownFileType = sourcecode.swift; path = AppDelegate.swift; sourceTree = "<group>"; };
		15115A8A1C393C9B004107A4 /* ViewController.swift */ = {isa = PBXFileReference; lastKnownFileType = sourcecode.swift; path = ViewController.swift; sourceTree = "<group>"; };
		15115A8D1C393C9B004107A4 /* Base */ = {isa = PBXFileReference; lastKnownFileType = file.storyboard; name = Base; path = Base.lproj/Main.storyboard; sourceTree = "<group>"; };
		15115A8F1C393C9B004107A4 /* Assets.xcassets */ = {isa = PBXFileReference; lastKnownFileType = folder.assetcatalog; path = Assets.xcassets; sourceTree = "<group>"; };
		15115A921C393C9B004107A4 /* Base */ = {isa = PBXFileReference; lastKnownFileType = file.storyboard; name = Base; path = Base.lproj/LaunchScreen.storyboard; sourceTree = "<group>"; };
		15115A941C393C9B004107A4 /* Info.plist */ = {isa = PBXFileReference; lastKnownFileType = text.plist.xml; path = Info.plist; sourceTree = "<group>"; };
		15115A9A1C394A7E004107A4 /* DeviceTableViewCell.swift */ = {isa = PBXFileReference; fileEncoding = 4; lastKnownFileType = sourcecode.swift; path = DeviceTableViewCell.swift; sourceTree = "<group>"; };
		15115A9C1C394A8F004107A4 /* DeviceTableViewController.swift */ = {isa = PBXFileReference; fileEncoding = 4; lastKnownFileType = sourcecode.swift; path = DeviceTableViewController.swift; sourceTree = "<group>"; };
		15115AA31C395A4C004107A4 /* SwiftyJSON.swift */ = {isa = PBXFileReference; fileEncoding = 4; lastKnownFileType = sourcecode.swift; path = SwiftyJSON.swift; sourceTree = "<group>"; };
		7BD43DB2563C542914D43C88 /* Pods.framework */ = {isa = PBXFileReference; explicitFileType = wrapper.framework; includeInIndex = 0; path = Pods.framework; sourceTree = BUILT_PRODUCTS_DIR; };
		9C8688B8D08CCED94C62DA2B /* Pods.release.xcconfig */ = {isa = PBXFileReference; includeInIndex = 1; lastKnownFileType = text.xcconfig; name = Pods.release.xcconfig; path = "Pods/Target Support Files/Pods/Pods.release.xcconfig"; sourceTree = "<group>"; };
		DE4F59B9384DD8764FABB889 /* Pods.debug.xcconfig */ = {isa = PBXFileReference; includeInIndex = 1; lastKnownFileType = text.xcconfig; name = Pods.debug.xcconfig; path = "Pods/Target Support Files/Pods/Pods.debug.xcconfig"; sourceTree = "<group>"; };
/* End PBXFileReference section */

/* Begin PBXFrameworksBuildPhase section */
		15115A821C393C9B004107A4 /* Frameworks */ = {
			isa = PBXFrameworksBuildPhase;
			buildActionMask = 2147483647;
			files = (
				67F0D9384C239EF0C90D2762 /* Pods.framework in Frameworks */,
			);
			runOnlyForDeploymentPostprocessing = 0;
		};
/* End PBXFrameworksBuildPhase section */

/* Begin PBXGroup section */
		15115A7C1C393C9B004107A4 = {
			isa = PBXGroup;
			children = (
				15115A871C393C9B004107A4 /* AptTraveler-Client */,
				15115A861C393C9B004107A4 /* Products */,
				D0F3750DA3BB5CC3E0AA13E7 /* Pods */,
				862278B657EB7AEE52232D6A /* Frameworks */,
			);
			sourceTree = "<group>";
		};
		15115A861C393C9B004107A4 /* Products */ = {
			isa = PBXGroup;
			children = (
				15115A851C393C9B004107A4 /* AptTraveler-Client.app */,
			);
			name = Products;
			sourceTree = "<group>";
		};
		15115A871C393C9B004107A4 /* AptTraveler-Client */ = {
			isa = PBXGroup;
			children = (
				15115A881C393C9B004107A4 /* AppDelegate.swift */,
				15115A8A1C393C9B004107A4 /* ViewController.swift */,
				15115A8C1C393C9B004107A4 /* Main.storyboard */,
				15115A9A1C394A7E004107A4 /* DeviceTableViewCell.swift */,
				15115A9C1C394A8F004107A4 /* DeviceTableViewController.swift */,
				15115A8F1C393C9B004107A4 /* Assets.xcassets */,
				15115A911C393C9B004107A4 /* LaunchScreen.storyboard */,
				15115A941C393C9B004107A4 /* Info.plist */,
				15115AA01C3959B7004107A4 /* Supporting Files */,
			);
			path = "AptTraveler-Client";
			sourceTree = "<group>";
		};
		15115AA01C3959B7004107A4 /* Supporting Files */ = {
			isa = PBXGroup;
			children = (
				15115AA31C395A4C004107A4 /* SwiftyJSON.swift */,
			);
			name = "Supporting Files";
			sourceTree = "<group>";
		};
		862278B657EB7AEE52232D6A /* Frameworks */ = {
			isa = PBXGroup;
			children = (
				7BD43DB2563C542914D43C88 /* Pods.framework */,
			);
			name = Frameworks;
			sourceTree = "<group>";
		};
		D0F3750DA3BB5CC3E0AA13E7 /* Pods */ = {
			isa = PBXGroup;
			children = (
				DE4F59B9384DD8764FABB889 /* Pods.debug.xcconfig */,
				9C8688B8D08CCED94C62DA2B /* Pods.release.xcconfig */,
			);
			name = Pods;
			sourceTree = "<group>";
		};
/* End PBXGroup section */

/* Begin PBXNativeTarget section */
		15115A841C393C9B004107A4 /* AptTraveler-Client */ = {
			isa = PBXNativeTarget;
			buildConfigurationList = 15115A971C393C9B004107A4 /* Build configuration list for PBXNativeTarget "AptTraveler-Client" */;
			buildPhases = (
				F4FA1F12814A2FBC7A444E81 /* Check Pods Manifest.lock */,
				15115A811C393C9B004107A4 /* Sources */,
				15115A821C393C9B004107A4 /* Frameworks */,
				15115A831C393C9B004107A4 /* Resources */,
				49AAD3C15070B4A9F7B8D438 /* Embed Pods Frameworks */,
				04C09FD94A5015FE4E76AF74 /* Copy Pods Resources */,
			);
			buildRules = (
			);
			dependencies = (
			);
			name = "AptTraveler-Client";
			productName = "AptTraveler-Client";
			productReference = 15115A851C393C9B004107A4 /* AptTraveler-Client.app */;
			productType = "com.apple.product-type.application";
		};
/* End PBXNativeTarget section */

/* Begin PBXProject section */
		15115A7D1C393C9B004107A4 /* Project object */ = {
			isa = PBXProject;
			attributes = {
				LastSwiftUpdateCheck = 0720;
				LastUpgradeCheck = 0720;
				ORGANIZATIONNAME = AptTraveler;
				TargetAttributes = {
					15115A841C393C9B004107A4 = {
						CreatedOnToolsVersion = 7.2;
						DevelopmentTeam = 34K4Y52BUG;
					};
				};
			};
			buildConfigurationList = 15115A801C393C9B004107A4 /* Build configuration list for PBXProject "AptTraveler-Client" */;
			compatibilityVersion = "Xcode 3.2";
			developmentRegion = English;
			hasScannedForEncodings = 0;
			knownRegions = (
				en,
				Base,
			);
			mainGroup = 15115A7C1C393C9B004107A4;
			productRefGroup = 15115A861C393C9B004107A4 /* Products */;
			projectDirPath = "";
			projectRoot = "";
			targets = (
				15115A841C393C9B004107A4 /* AptTraveler-Client */,
			);
		};
/* End PBXProject section */

/* Begin PBXResourcesBuildPhase section */
		15115A831C393C9B004107A4 /* Resources */ = {
			isa = PBXResourcesBuildPhase;
			buildActionMask = 2147483647;
			files = (
				15115A931C393C9B004107A4 /* LaunchScreen.storyboard in Resources */,
				15115A901C393C9B004107A4 /* Assets.xcassets in Resources */,
				15115A8E1C393C9B004107A4 /* Main.storyboard in Resources */,
			);
			runOnlyForDeploymentPostprocessing = 0;
		};
/* End PBXResourcesBuildPhase section */

/* Begin PBXShellScriptBuildPhase section */
		04C09FD94A5015FE4E76AF74 /* Copy Pods Resources */ = {
			isa = PBXShellScriptBuildPhase;
			buildActionMask = 2147483647;
			files = (
			);
			inputPaths = (
			);
			name = "Copy Pods Resources";
			outputPaths = (
			);
			runOnlyForDeploymentPostprocessing = 0;
			shellPath = /bin/sh;
			shellScript = "\"${SRCROOT}/Pods/Target Support Files/Pods/Pods-resources.sh\"\n";
			showEnvVarsInLog = 0;
		};
		49AAD3C15070B4A9F7B8D438 /* Embed Pods Frameworks */ = {
			isa = PBXShellScriptBuildPhase;
			buildActionMask = 2147483647;
			files = (
			);
			inputPaths = (
			);
			name = "Embed Pods Frameworks";
			outputPaths = (
			);
			runOnlyForDeploymentPostprocessing = 0;
			shellPath = /bin/sh;
			shellScript = "\"${SRCROOT}/Pods/Target Support Files/Pods/Pods-frameworks.sh\"\n";
			showEnvVarsInLog = 0;
		};
		F4FA1F12814A2FBC7A444E81 /* Check Pods Manifest.lock */ = {
			isa = PBXShellScriptBuildPhase;
			buildActionMask = 2147483647;
			files = (
			);
			inputPaths = (
			);
			name = "Check Pods Manifest.lock";
			outputPaths = (
			);
			runOnlyForDeploymentPostprocessing = 0;
			shellPath = /bin/sh;
			shellScript = "diff \"${PODS_ROOT}/../Podfile.lock\" \"${PODS_ROOT}/Manifest.lock\" > /dev/null\nif [[ $? != 0 ]] ; then\n    cat << EOM\nerror: The sandbox is not in sync with the Podfile.lock. Run 'pod install' or update your CocoaPods installation.\nEOM\n    exit 1\nfi\n";
			showEnvVarsInLog = 0;
		};
/* End PBXShellScriptBuildPhase section */

/* Begin PBXSourcesBuildPhase section */
		15115A811C393C9B004107A4 /* Sources */ = {
			isa = PBXSourcesBuildPhase;
			buildActionMask = 2147483647;
			files = (
				15115A8B1C393C9B004107A4 /* ViewController.swift in Sources */,
				15115A9D1C394A8F004107A4 /* DeviceTableViewController.swift in Sources */,
				15115A9B1C394A7E004107A4 /* DeviceTableViewCell.swift in Sources */,
				15115AA41C395A4C004107A4 /* SwiftyJSON.swift in Sources */,
				15115A891C393C9B004107A4 /* AppDelegate.swift in Sources */,
			);
			runOnlyForDeploymentPostprocessing = 0;
		};
/* End PBXSourcesBuildPhase section */

/* Begin PBXVariantGroup section */
		15115A8C1C393C9B004107A4 /* Main.storyboard */ = {
			isa = PBXVariantGroup;
			children = (
				15115A8D1C393C9B004107A4 /* Base */,
			);
			name = Main.storyboard;
			sourceTree = "<group>";
		};
		15115A911C393C9B004107A4 /* LaunchScreen.storyboard */ = {
			isa = PBXVariantGroup;
			children = (
				15115A921C393C9B004107A4 /* Base */,
			);
			name = LaunchScreen.storyboard;
			sourceTree = "<group>";
		};
/* End PBXVariantGroup section */

/* Begin XCBuildConfiguration section */
		15115A951C393C9B004107A4 /* Debug */ = {
			isa = XCBuildConfiguration;
			buildSettings = {
				ALWAYS_SEARCH_USER_PATHS = NO;
				CLANG_CXX_LANGUAGE_STANDARD = "gnu++0x";
				CLANG_CXX_LIBRARY = "libc++";
				CLANG_ENABLE_MODULES = YES;
				CLANG_ENABLE_OBJC_ARC = YES;
				CLANG_WARN_BOOL_CONVERSION = YES;
				CLANG_WARN_CONSTANT_CONVERSION = YES;
				CLANG_WARN_DIRECT_OBJC_ISA_USAGE = YES_ERROR;
				CLANG_WARN_EMPTY_BODY = YES;
				CLANG_WARN_ENUM_CONVERSION = YES;
				CLANG_WARN_INT_CONVERSION = YES;
				CLANG_WARN_OBJC_ROOT_CLASS = YES_ERROR;
				CLANG_WARN_UNREACHABLE_CODE = YES;
				CLANG_WARN__DUPLICATE_METHOD_MATCH = YES;
				"CODE_SIGN_IDENTITY[sdk=iphoneos*]" = "iPhone Developer";
				COPY_PHASE_STRIP = NO;
				DEBUG_INFORMATION_FORMAT = dwarf;
				ENABLE_STRICT_OBJC_MSGSEND = YES;
				ENABLE_TESTABILITY = YES;
				GCC_C_LANGUAGE_STANDARD = gnu99;
				GCC_DYNAMIC_NO_PIC = NO;
				GCC_NO_COMMON_BLOCKS = YES;
				GCC_OPTIMIZATION_LEVEL = 0;
				GCC_PREPROCESSOR_DEFINITIONS = (
					"DEBUG=1",
					"$(inherited)",
				);
				GCC_WARN_64_TO_32_BIT_CONVERSION = YES;
				GCC_WARN_ABOUT_RETURN_TYPE = YES_ERROR;
				GCC_WARN_UNDECLARED_SELECTOR = YES;
				GCC_WARN_UNINITIALIZED_AUTOS = YES_AGGRESSIVE;
				GCC_WARN_UNUSED_FUNCTION = YES;
				GCC_WARN_UNUSED_VARIABLE = YES;
				IPHONEOS_DEPLOYMENT_TARGET = 9.2;
				MTL_ENABLE_DEBUG_INFO = YES;
				ONLY_ACTIVE_ARCH = YES;
				SDKROOT = iphoneos;
				SWIFT_OPTIMIZATION_LEVEL = "-Onone";
			};
			name = Debug;
		};
		15115A961C393C9B004107A4 /* Release */ = {
			isa = XCBuildConfiguration;
			buildSettings = {
				ALWAYS_SEARCH_USER_PATHS = NO;
				CLANG_CXX_LANGUAGE_STANDARD = "gnu++0x";
				CLANG_CXX_LIBRARY = "libc++";
				CLANG_ENABLE_MODULES = YES;
				CLANG_ENABLE_OBJC_ARC = YES;
				CLANG_WARN_BOOL_CONVERSION = YES;
				CLANG_WARN_CONSTANT_CONVERSION = YES;
				CLANG_WARN_DIRECT_OBJC_ISA_USAGE = YES_ERROR;
				CLANG_WARN_EMPTY_BODY = YES;
				CLANG_WARN_ENUM_CONVERSION = YES;
				CLANG_WARN_INT_CONVERSION = YES;
				CLANG_WARN_OBJC_ROOT_CLASS = YES_ERROR;
				CLANG_WARN_UNREACHABLE_CODE = YES;
				CLANG_WARN__DUPLICATE_METHOD_MATCH = YES;
				"CODE_SIGN_IDENTITY[sdk=iphoneos*]" = "iPhone Developer";
				COPY_PHASE_STRIP = NO;
				DEBUG_INFORMATION_FORMAT = "dwarf-with-dsym";
				ENABLE_NS_ASSERTIONS = NO;
				ENABLE_STRICT_OBJC_MSGSEND = YES;
				GCC_C_LANGUAGE_STANDARD = gnu99;
				GCC_NO_COMMON_BLOCKS = YES;
				GCC_WARN_64_TO_32_BIT_CONVERSION = YES;
				GCC_WARN_ABOUT_RETURN_TYPE = YES_ERROR;
				GCC_WARN_UNDECLARED_SELECTOR = YES;
				GCC_WARN_UNINITIALIZED_AUTOS = YES_AGGRESSIVE;
				GCC_WARN_UNUSED_FUNCTION = YES;
				GCC_WARN_UNUSED_VARIABLE = YES;
				IPHONEOS_DEPLOYMENT_TARGET = 9.2;
				MTL_ENABLE_DEBUG_INFO = NO;
				SDKROOT = iphoneos;
				VALIDATE_PRODUCT = YES;
			};
			name = Release;
		};
		15115A981C393C9B004107A4 /* Debug */ = {
			isa = XCBuildConfiguration;
			baseConfigurationReference = DE4F59B9384DD8764FABB889 /* Pods.debug.xcconfig */;
			buildSettings = {
				ASSETCATALOG_COMPILER_APPICON_NAME = AppIcon;
				CODE_SIGN_IDENTITY = "iPhone Developer";
				INFOPLIST_FILE = "AptTraveler-Client/Info.plist";
				LD_RUNPATH_SEARCH_PATHS = "$(inherited) @executable_path/Frameworks";
				PRODUCT_BUNDLE_IDENTIFIER = "com.apttraveler.AptTraveler-Client";
				PRODUCT_NAME = "$(TARGET_NAME)";
			};
			name = Debug;
		};
		15115A991C393C9B004107A4 /* Release */ = {
			isa = XCBuildConfiguration;
			baseConfigurationReference = 9C8688B8D08CCED94C62DA2B /* Pods.release.xcconfig */;
			buildSettings = {
				ASSETCATALOG_COMPILER_APPICON_NAME = AppIcon;
				CODE_SIGN_IDENTITY = "iPhone Developer";
				INFOPLIST_FILE = "AptTraveler-Client/Info.plist";
				LD_RUNPATH_SEARCH_PATHS = "$(inherited) @executable_path/Frameworks";
				PRODUCT_BUNDLE_IDENTIFIER = "com.apttraveler.AptTraveler-Client";
				PRODUCT_NAME = "$(TARGET_NAME)";
			};
			name = Release;
		};
/* End XCBuildConfiguration section */

/* Begin XCConfigurationList section */
		15115A801C393C9B004107A4 /* Build configuration list for PBXProject "AptTraveler-Client" */ = {
			isa = XCConfigurationList;
			buildConfigurations = (
				15115A951C393C9B004107A4 /* Debug */,
				15115A961C393C9B004107A4 /* Release */,
			);
			defaultConfigurationIsVisible = 0;
			defaultConfigurationName = Release;
		};
		15115A971C393C9B004107A4 /* Build configuration list for PBXNativeTarget "AptTraveler-Client" */ = {
			isa = XCConfigurationList;
			buildConfigurations = (
				15115A981C393C9B004107A4 /* Debug */,
				15115A991C393C9B004107A4 /* Release */,
			);
			defaultConfigurationIsVisible = 0;
			defaultConfigurationName = Release;
		};
/* End XCConfigurationList section */
	};
	rootObject = 15115A7D1C393C9B004107A4 /* Project object */;
}
